
Microsoft Visual Studio Solution File, Format Version 12.00
# Visual Studio Version 16
VisualStudioVersion = 16.0.31911.196
MinimumVisualStudioVersion = 10.0.40219.1
Project("{FAE04EC0-301F-11D3-BF4B-00C04F79EFBC}") = "ConsoleApp1", "ConsoleApp1.csproj", "{AC981C01-6BC9-4761-AD09-464B9B967B15}"
EndProject
Global
	GlobalSection(SolutionConfigurationPlatforms) = preSolution
		Debug|Any CPU = Debug|Any CPU
		Release|Any CPU = Release|Any CPU
	EndGlobalSection
	GlobalSection(ProjectConfigurationPlatforms) = postSolution
		{AC981C01-6BC9-4761-AD09-464B9B967B15}.Debug|Any CPU.ActiveCfg = Debug|Any CPU
		{AC981C01-6BC9-4761-AD09-464B9B967B15}.Debug|Any CPU.Build.0 = Debug|Any CPU
		{AC981C01-6BC9-4761-AD09-464B9B967B15}.Release|Any CPU.ActiveCfg = Release|Any CPU
		{AC981C01-6BC9-4761-AD09-464B9B967B15}.Release|Any CPU.Build.0 = Release|Any CPU
	EndGlobalSection
	GlobalSection(SolutionProperties) = preSolution
		HideSolutionNode = FALSE
	EndGlobalSection
	GlobalSection(ExtensibilityGlobals) = postSolution
		SolutionGuid = {13D68D19-E7F4-45D0-9425-EF3737CF39AD}
	EndGlobalSection
EndGlobal
